
Microsoft Visual Studio Solution File, Format Version 12.00
# Visual Studio 2013
VisualStudioVersion = 12.0.31101.0
MinimumVisualStudioVersion = 10.0.40219.1
Project("{2150E333-8FDC-42A3-9474-1A3956D46DE8}") = ".paket", ".paket", "{CE82B0A4-59E5-4B8E-8705-1D4960C471A7}"
	ProjectSection(SolutionItems) = preProject
		paket.dependencies = paket.dependencies
	EndProjectSection
EndProject
Project("{F2A71F9B-5D33-465A-A702-920D77279786}") = "Persimmon.Core", "src\Persimmon.Core\Persimmon.Core.fsproj", "{F1D851FD-A776-4204-B287-5C14C3AA198C}"
EndProject
Project("{F2A71F9B-5D33-465A-A702-920D77279786}") = "Persimmon.Core.Tests", "tests\Persimmon.Core.Tests\Persimmon.Core.Tests.fsproj", "{2A2B88F1-BDA8-4D1C-8BF1-43A4CD5F266C}"
EndProject
Project("{FAE04EC0-301F-11D3-BF4B-00C04F79EFBC}") = "Persimmon.Model.Interfaces", "src\Persimmon.Model.Interfaces\Persimmon.Model.Interfaces.csproj", "{DD48F6E9-BE52-42A0-8329-BAF56887D703}"
EndProject
Global
	GlobalSection(SolutionConfigurationPlatforms) = preSolution
		Debug|Any CPU = Debug|Any CPU
		Release|Any CPU = Release|Any CPU
	EndGlobalSection
	GlobalSection(ProjectConfigurationPlatforms) = postSolution
		{F1D851FD-A776-4204-B287-5C14C3AA198C}.Debug|Any CPU.ActiveCfg = Debug|Any CPU
		{F1D851FD-A776-4204-B287-5C14C3AA198C}.Debug|Any CPU.Build.0 = Debug|Any CPU
		{F1D851FD-A776-4204-B287-5C14C3AA198C}.Release|Any CPU.ActiveCfg = Release|Any CPU
		{F1D851FD-A776-4204-B287-5C14C3AA198C}.Release|Any CPU.Build.0 = Release|Any CPU
		{2A2B88F1-BDA8-4D1C-8BF1-43A4CD5F266C}.Debug|Any CPU.ActiveCfg = Debug|Any CPU
		{2A2B88F1-BDA8-4D1C-8BF1-43A4CD5F266C}.Debug|Any CPU.Build.0 = Debug|Any CPU
		{2A2B88F1-BDA8-4D1C-8BF1-43A4CD5F266C}.Release|Any CPU.ActiveCfg = Release|Any CPU
		{2A2B88F1-BDA8-4D1C-8BF1-43A4CD5F266C}.Release|Any CPU.Build.0 = Release|Any CPU
		{DD48F6E9-BE52-42A0-8329-BAF56887D703}.Debug|Any CPU.ActiveCfg = Debug|Any CPU
		{DD48F6E9-BE52-42A0-8329-BAF56887D703}.Debug|Any CPU.Build.0 = Debug|Any CPU
		{DD48F6E9-BE52-42A0-8329-BAF56887D703}.Release|Any CPU.ActiveCfg = Release|Any CPU
		{DD48F6E9-BE52-42A0-8329-BAF56887D703}.Release|Any CPU.Build.0 = Release|Any CPU
	EndGlobalSection
	GlobalSection(SolutionProperties) = preSolution
		HideSolutionNode = FALSE
	EndGlobalSection
EndGlobal
